
Microsoft Visual Studio Solution File, Format Version 12.00
# Visual Studio 2012
Project("{8BC9CEB8-8B4A-11D0-8D11-00A0C91BC942}") = "RoboBus", "RoboBus\RoboBus.vcxproj", "{BEB593C5-B4F7-4154-8638-77E8F2894482}"
EndProject
Project("{8BC9CEB8-8B4A-11D0-8D11-00A0C91BC942}") = "Package", "Package\Package.vcxproj", "{51FB6A5C-220B-419D-9997-3DD0E84D7E28}"
	ProjectSection(ProjectDependencies) = postProject
		{BEB593C5-B4F7-4154-8638-77E8F2894482} = {BEB593C5-B4F7-4154-8638-77E8F2894482}
	EndProjectSection
EndProject
Project("{8BC9CEB8-8B4A-11D0-8D11-00A0C91BC942}") = "RoboDevice", "RoboDevice\RoboDevice.vcxproj", "{571C080B-D98E-44C3-A586-42E093516D66}"
EndProject
Project("{8BC9CEB8-8B4A-11D0-8D11-00A0C91BC942}") = "RoboMgr", "RoboMgr\RoboMgr.vcxproj", "{DE2FB710-16D8-43B7-8F68-47DFBF86EDF7}"
EndProject
Global
	GlobalSection(SolutionConfigurationPlatforms) = preSolution
		Debug|Win32 = Debug|Win32
		Debug|x64 = Debug|x64
		Release|Win32 = Release|Win32
		Release|x64 = Release|x64
		Vista Debug|Win32 = Vista Debug|Win32
		Vista Debug|x64 = Vista Debug|x64
		Vista Release|Win32 = Vista Release|Win32
		Vista Release|x64 = Vista Release|x64
		Win7 Debug|Win32 = Win7 Debug|Win32
		Win7 Debug|x64 = Win7 Debug|x64
		Win7 Release|Win32 = Win7 Release|Win32
		Win7 Release|x64 = Win7 Release|x64
		Win8 Debug|Win32 = Win8 Debug|Win32
		Win8 Debug|x64 = Win8 Debug|x64
		Win8 Release|Win32 = Win8 Release|Win32
		Win8 Release|x64 = Win8 Release|x64
	EndGlobalSection
	GlobalSection(ProjectConfigurationPlatforms) = postSolution
		{BEB593C5-B4F7-4154-8638-77E8F2894482}.Debug|Win32.ActiveCfg = Win8 Debug|Win32
		{BEB593C5-B4F7-4154-8638-77E8F2894482}.Debug|Win32.Build.0 = Win8 Debug|Win32
		{BEB593C5-B4F7-4154-8638-77E8F2894482}.Debug|Win32.Deploy.0 = Win8 Debug|Win32
		{BEB593C5-B4F7-4154-8638-77E8F2894482}.Debug|x64.ActiveCfg = Win8 Debug|x64
		{BEB593C5-B4F7-4154-8638-77E8F2894482}.Debug|x64.Build.0 = Win8 Debug|x64
		{BEB593C5-B4F7-4154-8638-77E8F2894482}.Debug|x64.Deploy.0 = Win8 Debug|x64
		{BEB593C5-B4F7-4154-8638-77E8F2894482}.Release|Win32.ActiveCfg = Win8 Release|Win32
		{BEB593C5-B4F7-4154-8638-77E8F2894482}.Release|Win32.Build.0 = Win8 Release|Win32
		{BEB593C5-B4F7-4154-8638-77E8F2894482}.Release|Win32.Deploy.0 = Win8 Release|Win32
		{BEB593C5-B4F7-4154-8638-77E8F2894482}.Release|x64.ActiveCfg = Win8 Release|x64
		{BEB593C5-B4F7-4154-8638-77E8F2894482}.Release|x64.Build.0 = Win8 Release|x64
		{BEB593C5-B4F7-4154-8638-77E8F2894482}.Release|x64.Deploy.0 = Win8 Release|x64
		{BEB593C5-B4F7-4154-8638-77E8F2894482}.Vista Debug|Win32.ActiveCfg = Vista Debug|Win32
		{BEB593C5-B4F7-4154-8638-77E8F2894482}.Vista Debug|Win32.Build.0 = Vista Debug|Win32
		{BEB593C5-B4F7-4154-8638-77E8F2894482}.Vista Debug|Win32.Deploy.0 = Vista Debug|Win32
		{BEB593C5-B4F7-4154-8638-77E8F2894482}.Vista Debug|x64.ActiveCfg = Vista Debug|x64
		{BEB593C5-B4F7-4154-8638-77E8F2894482}.Vista Debug|x64.Build.0 = Vista Debug|x64
		{BEB593C5-B4F7-4154-8638-77E8F2894482}.Vista Debug|x64.Deploy.0 = Vista Debug|x64
		{BEB593C5-B4F7-4154-8638-77E8F2894482}.Vista Release|Win32.ActiveCfg = Vista Release|Win32
		{BEB593C5-B4F7-4154-8638-77E8F2894482}.Vista Release|Win32.Build.0 = Vista Release|Win32
		{BEB593C5-B4F7-4154-8638-77E8F2894482}.Vista Release|Win32.Deploy.0 = Vista Release|Win32
		{BEB593C5-B4F7-4154-8638-77E8F2894482}.Vista Release|x64.ActiveCfg = Vista Release|x64
		{BEB593C5-B4F7-4154-8638-77E8F2894482}.Vista Release|x64.Build.0 = Vista Release|x64
		{BEB593C5-B4F7-4154-8638-77E8F2894482}.Vista Release|x64.Deploy.0 = Vista Release|x64
		{BEB593C5-B4F7-4154-8638-77E8F2894482}.Win7 Debug|Win32.ActiveCfg = Win7 Debug|Win32
		{BEB593C5-B4F7-4154-8638-77E8F2894482}.Win7 Debug|Win32.Build.0 = Win7 Debug|Win32
		{BEB593C5-B4F7-4154-8638-77E8F2894482}.Win7 Debug|Win32.Deploy.0 = Win7 Debug|Win32
		{BEB593C5-B4F7-4154-8638-77E8F2894482}.Win7 Debug|x64.ActiveCfg = Win7 Debug|x64
		{BEB593C5-B4F7-4154-8638-77E8F2894482}.Win7 Debug|x64.Build.0 = Win7 Debug|x64
		{BEB593C5-B4F7-4154-8638-77E8F2894482}.Win7 Debug|x64.Deploy.0 = Win7 Debug|x64
		{BEB593C5-B4F7-4154-8638-77E8F2894482}.Win7 Release|Win32.ActiveCfg = Win7 Release|Win32
		{BEB593C5-B4F7-4154-8638-77E8F2894482}.Win7 Release|Win32.Build.0 = Win7 Release|Win32
		{BEB593C5-B4F7-4154-8638-77E8F2894482}.Win7 Release|Win32.Deploy.0 = Win7 Release|Win32
		{BEB593C5-B4F7-4154-8638-77E8F2894482}.Win7 Release|x64.ActiveCfg = Win7 Release|x64
		{BEB593C5-B4F7-4154-8638-77E8F2894482}.Win7 Release|x64.Build.0 = Win7 Release|x64
		{BEB593C5-B4F7-4154-8638-77E8F2894482}.Win7 Release|x64.Deploy.0 = Win7 Release|x64
		{BEB593C5-B4F7-4154-8638-77E8F2894482}.Win8 Debug|Win32.ActiveCfg = Win8 Debug|Win32
		{BEB593C5-B4F7-4154-8638-77E8F2894482}.Win8 Debug|Win32.Build.0 = Win8 Debug|Win32
		{BEB593C5-B4F7-4154-8638-77E8F2894482}.Win8 Debug|Win32.Deploy.0 = Win8 Debug|Win32
		{BEB593C5-B4F7-4154-8638-77E8F2894482}.Win8 Debug|x64.ActiveCfg = Win8 Debug|x64
		{BEB593C5-B4F7-4154-8638-77E8F2894482}.Win8 Debug|x64.Build.0 = Win8 Debug|x64
		{BEB593C5-B4F7-4154-8638-77E8F2894482}.Win8 Debug|x64.Deploy.0 = Win8 Debug|x64
		{BEB593C5-B4F7-4154-8638-77E8F2894482}.Win8 Release|Win32.ActiveCfg = Win8 Release|Win32
		{BEB593C5-B4F7-4154-8638-77E8F2894482}.Win8 Release|Win32.Build.0 = Win8 Release|Win32
		{BEB593C5-B4F7-4154-8638-77E8F2894482}.Win8 Release|Win32.Deploy.0 = Win8 Release|Win32
		{BEB593C5-B4F7-4154-8638-77E8F2894482}.Win8 Release|x64.ActiveCfg = Win8 Release|x64
		{BEB593C5-B4F7-4154-8638-77E8F2894482}.Win8 Release|x64.Build.0 = Win8 Release|x64
		{BEB593C5-B4F7-4154-8638-77E8F2894482}.Win8 Release|x64.Deploy.0 = Win8 Release|x64
		{51FB6A5C-220B-419D-9997-3DD0E84D7E28}.Debug|Win32.ActiveCfg = Win8 Debug|Win32
		{51FB6A5C-220B-419D-9997-3DD0E84D7E28}.Debug|Win32.Build.0 = Win8 Debug|Win32
		{51FB6A5C-220B-419D-9997-3DD0E84D7E28}.Debug|Win32.Deploy.0 = Win8 Debug|Win32
		{51FB6A5C-220B-419D-9997-3DD0E84D7E28}.Debug|x64.ActiveCfg = Win8 Debug|x64
		{51FB6A5C-220B-419D-9997-3DD0E84D7E28}.Debug|x64.Build.0 = Win8 Debug|x64
		{51FB6A5C-220B-419D-9997-3DD0E84D7E28}.Debug|x64.Deploy.0 = Win8 Debug|x64
		{51FB6A5C-220B-419D-9997-3DD0E84D7E28}.Release|Win32.ActiveCfg = Win8 Release|Win32
		{51FB6A5C-220B-419D-9997-3DD0E84D7E28}.Release|Win32.Build.0 = Win8 Release|Win32
		{51FB6A5C-220B-419D-9997-3DD0E84D7E28}.Release|Win32.Deploy.0 = Win8 Release|Win32
		{51FB6A5C-220B-419D-9997-3DD0E84D7E28}.Release|x64.ActiveCfg = Win8 Release|x64
		{51FB6A5C-220B-419D-9997-3DD0E84D7E28}.Release|x64.Build.0 = Win8 Release|x64
		{51FB6A5C-220B-419D-9997-3DD0E84D7E28}.Release|x64.Deploy.0 = Win8 Release|x64
		{51FB6A5C-220B-419D-9997-3DD0E84D7E28}.Vista Debug|Win32.ActiveCfg = Vista Debug|Win32
		{51FB6A5C-220B-419D-9997-3DD0E84D7E28}.Vista Debug|Win32.Build.0 = Vista Debug|Win32
		{51FB6A5C-220B-419D-9997-3DD0E84D7E28}.Vista Debug|Win32.Deploy.0 = Vista Debug|Win32
		{51FB6A5C-220B-419D-9997-3DD0E84D7E28}.Vista Debug|x64.ActiveCfg = Vista Debug|x64
		{51FB6A5C-220B-419D-9997-3DD0E84D7E28}.Vista Debug|x64.Build.0 = Vista Debug|x64
		{51FB6A5C-220B-419D-9997-3DD0E84D7E28}.Vista Debug|x64.Deploy.0 = Vista Debug|x64
		{51FB6A5C-220B-419D-9997-3DD0E84D7E28}.Vista Release|Win32.ActiveCfg = Vista Release|Win32
		{51FB6A5C-220B-419D-9997-3DD0E84D7E28}.Vista Release|Win32.Build.0 = Vista Release|Win32
		{51FB6A5C-220B-419D-9997-3DD0E84D7E28}.Vista Release|Win32.Deploy.0 = Vista Release|Win32
		{51FB6A5C-220B-419D-9997-3DD0E84D7E28}.Vista Release|x64.ActiveCfg = Vista Release|x64
		{51FB6A5C-220B-419D-9997-3DD0E84D7E28}.Vista Release|x64.Build.0 = Vista Release|x64
		{51FB6A5C-220B-419D-9997-3DD0E84D7E28}.Vista Release|x64.Deploy.0 = Vista Release|x64
		{51FB6A5C-220B-419D-9997-3DD0E84D7E28}.Win7 Debug|Win32.ActiveCfg = Win7 Debug|Win32
		{51FB6A5C-220B-419D-9997-3DD0E84D7E28}.Win7 Debug|Win32.Build.0 = Win7 Debug|Win32
		{51FB6A5C-220B-419D-9997-3DD0E84D7E28}.Win7 Debug|Win32.Deploy.0 = Win7 Debug|Win32
		{51FB6A5C-220B-419D-9997-3DD0E84D7E28}.Win7 Debug|x64.ActiveCfg = Win7 Debug|x64
		{51FB6A5C-220B-419D-9997-3DD0E84D7E28}.Win7 Debug|x64.Build.0 = Win7 Debug|x64
		{51FB6A5C-220B-419D-9997-3DD0E84D7E28}.Win7 Debug|x64.Deploy.0 = Win7 Debug|x64
		{51FB6A5C-220B-419D-9997-3DD0E84D7E28}.Win7 Release|Win32.ActiveCfg = Win7 Release|Win32
		{51FB6A5C-220B-419D-9997-3DD0E84D7E28}.Win7 Release|Win32.Build.0 = Win7 Release|Win32
		{51FB6A5C-220B-419D-9997-3DD0E84D7E28}.Win7 Release|Win32.Deploy.0 = Win7 Release|Win32
		{51FB6A5C-220B-419D-9997-3DD0E84D7E28}.Win7 Release|x64.ActiveCfg = Win7 Release|x64
		{51FB6A5C-220B-419D-9997-3DD0E84D7E28}.Win7 Release|x64.Build.0 = Win7 Release|x64
		{51FB6A5C-220B-419D-9997-3DD0E84D7E28}.Win7 Release|x64.Deploy.0 = Win7 Release|x64
		{51FB6A5C-220B-419D-9997-3DD0E84D7E28}.Win8 Debug|Win32.ActiveCfg = Win8 Debug|Win32
		{51FB6A5C-220B-419D-9997-3DD0E84D7E28}.Win8 Debug|Win32.Build.0 = Win8 Debug|Win32
		{51FB6A5C-220B-419D-9997-3DD0E84D7E28}.Win8 Debug|Win32.Deploy.0 = Win8 Debug|Win32
		{51FB6A5C-220B-419D-9997-3DD0E84D7E28}.Win8 Debug|x64.ActiveCfg = Win8 Debug|x64
		{51FB6A5C-220B-419D-9997-3DD0E84D7E28}.Win8 Debug|x64.Build.0 = Win8 Debug|x64
		{51FB6A5C-220B-419D-9997-3DD0E84D7E28}.Win8 Debug|x64.Deploy.0 = Win8 Debug|x64
		{51FB6A5C-220B-419D-9997-3DD0E84D7E28}.Win8 Release|Win32.ActiveCfg = Win8 Release|Win32
		{51FB6A5C-220B-419D-9997-3DD0E84D7E28}.Win8 Release|Win32.Build.0 = Win8 Release|Win32
		{51FB6A5C-220B-419D-9997-3DD0E84D7E28}.Win8 Release|Win32.Deploy.0 = Win8 Release|Win32
		{51FB6A5C-220B-419D-9997-3DD0E84D7E28}.Win8 Release|x64.ActiveCfg = Win8 Release|x64
		{51FB6A5C-220B-419D-9997-3DD0E84D7E28}.Win8 Release|x64.Build.0 = Win8 Release|x64
		{51FB6A5C-220B-419D-9997-3DD0E84D7E28}.Win8 Release|x64.Deploy.0 = Win8 Release|x64
		{571C080B-D98E-44C3-A586-42E093516D66}.Debug|Win32.ActiveCfg = Win7 Debug|Win32
		{571C080B-D98E-44C3-A586-42E093516D66}.Debug|Win32.Build.0 = Win7 Debug|Win32
		{571C080B-D98E-44C3-A586-42E093516D66}.Debug|Win32.Deploy.0 = Win7 Debug|Win32
		{571C080B-D98E-44C3-A586-42E093516D66}.Debug|x64.ActiveCfg = Win7 Debug|x64
		{571C080B-D98E-44C3-A586-42E093516D66}.Debug|x64.Build.0 = Win7 Debug|x64
		{571C080B-D98E-44C3-A586-42E093516D66}.Debug|x64.Deploy.0 = Win7 Debug|x64
		{571C080B-D98E-44C3-A586-42E093516D66}.Release|Win32.ActiveCfg = Win8 Release|Win32
		{571C080B-D98E-44C3-A586-42E093516D66}.Release|Win32.Build.0 = Win8 Release|Win32
		{571C080B-D98E-44C3-A586-42E093516D66}.Release|Win32.Deploy.0 = Win8 Release|Win32
		{571C080B-D98E-44C3-A586-42E093516D66}.Release|x64.ActiveCfg = Win8 Release|x64
		{571C080B-D98E-44C3-A586-42E093516D66}.Release|x64.Build.0 = Win8 Release|x64
		{571C080B-D98E-44C3-A586-42E093516D66}.Release|x64.Deploy.0 = Win8 Release|x64
		{571C080B-D98E-44C3-A586-42E093516D66}.Vista Debug|Win32.ActiveCfg = Vista Debug|Win32
		{571C080B-D98E-44C3-A586-42E093516D66}.Vista Debug|Win32.Build.0 = Vista Debug|Win32
		{571C080B-D98E-44C3-A586-42E093516D66}.Vista Debug|Win32.Deploy.0 = Vista Debug|Win32
		{571C080B-D98E-44C3-A586-42E093516D66}.Vista Debug|x64.ActiveCfg = Vista Debug|x64
		{571C080B-D98E-44C3-A586-42E093516D66}.Vista Debug|x64.Build.0 = Vista Debug|x64
		{571C080B-D98E-44C3-A586-42E093516D66}.Vista Debug|x64.Deploy.0 = Vista Debug|x64
		{571C080B-D98E-44C3-A586-42E093516D66}.Vista Release|Win32.ActiveCfg = Vista Release|Win32
		{571C080B-D98E-44C3-A586-42E093516D66}.Vista Release|Win32.Build.0 = Vista Release|Win32
		{571C080B-D98E-44C3-A586-42E093516D66}.Vista Release|Win32.Deploy.0 = Vista Release|Win32
		{571C080B-D98E-44C3-A586-42E093516D66}.Vista Release|x64.ActiveCfg = Vista Release|x64
		{571C080B-D98E-44C3-A586-42E093516D66}.Vista Release|x64.Build.0 = Vista Release|x64
		{571C080B-D98E-44C3-A586-42E093516D66}.Vista Release|x64.Deploy.0 = Vista Release|x64
		{571C080B-D98E-44C3-A586-42E093516D66}.Win7 Debug|Win32.ActiveCfg = Win7 Debug|Win32
		{571C080B-D98E-44C3-A586-42E093516D66}.Win7 Debug|Win32.Build.0 = Win7 Debug|Win32
		{571C080B-D98E-44C3-A586-42E093516D66}.Win7 Debug|Win32.Deploy.0 = Win7 Debug|Win32
		{571C080B-D98E-44C3-A586-42E093516D66}.Win7 Debug|x64.ActiveCfg = Win7 Debug|x64
		{571C080B-D98E-44C3-A586-42E093516D66}.Win7 Debug|x64.Build.0 = Win7 Debug|x64
		{571C080B-D98E-44C3-A586-42E093516D66}.Win7 Debug|x64.Deploy.0 = Win7 Debug|x64
		{571C080B-D98E-44C3-A586-42E093516D66}.Win7 Release|Win32.ActiveCfg = Win7 Release|Win32
		{571C080B-D98E-44C3-A586-42E093516D66}.Win7 Release|Win32.Build.0 = Win7 Release|Win32
		{571C080B-D98E-44C3-A586-42E093516D66}.Win7 Release|Win32.Deploy.0 = Win7 Release|Win32
		{571C080B-D98E-44C3-A586-42E093516D66}.Win7 Release|x64.ActiveCfg = Win7 Release|x64
		{571C080B-D98E-44C3-A586-42E093516D66}.Win7 Release|x64.Build.0 = Win7 Release|x64
		{571C080B-D98E-44C3-A586-42E093516D66}.Win7 Release|x64.Deploy.0 = Win7 Release|x64
		{571C080B-D98E-44C3-A586-42E093516D66}.Win8 Debug|Win32.ActiveCfg = Win8 Debug|Win32
		{571C080B-D98E-44C3-A586-42E093516D66}.Win8 Debug|Win32.Build.0 = Win8 Debug|Win32
		{571C080B-D98E-44C3-A586-42E093516D66}.Win8 Debug|Win32.Deploy.0 = Win8 Debug|Win32
		{571C080B-D98E-44C3-A586-42E093516D66}.Win8 Debug|x64.ActiveCfg = Win8 Debug|x64
		{571C080B-D98E-44C3-A586-42E093516D66}.Win8 Debug|x64.Build.0 = Win8 Debug|x64
		{571C080B-D98E-44C3-A586-42E093516D66}.Win8 Debug|x64.Deploy.0 = Win8 Debug|x64
		{571C080B-D98E-44C3-A586-42E093516D66}.Win8 Release|Win32.ActiveCfg = Win8 Release|Win32
		{571C080B-D98E-44C3-A586-42E093516D66}.Win8 Release|Win32.Build.0 = Win8 Release|Win32
		{571C080B-D98E-44C3-A586-42E093516D66}.Win8 Release|Win32.Deploy.0 = Win8 Release|Win32
		{571C080B-D98E-44C3-A586-42E093516D66}.Win8 Release|x64.ActiveCfg = Win8 Release|x64
		{571C080B-D98E-44C3-A586-42E093516D66}.Win8 Release|x64.Build.0 = Win8 Release|x64
		{571C080B-D98E-44C3-A586-42E093516D66}.Win8 Release|x64.Deploy.0 = Win8 Release|x64
		{DE2FB710-16D8-43B7-8F68-47DFBF86EDF7}.Debug|Win32.ActiveCfg = Debug|Win32
		{DE2FB710-16D8-43B7-8F68-47DFBF86EDF7}.Debug|Win32.Build.0 = Debug|Win32
		{DE2FB710-16D8-43B7-8F68-47DFBF86EDF7}.Debug|Win32.Deploy.0 = Debug|Win32
		{DE2FB710-16D8-43B7-8F68-47DFBF86EDF7}.Debug|x64.ActiveCfg = Debug|Win32
		{DE2FB710-16D8-43B7-8F68-47DFBF86EDF7}.Release|Win32.ActiveCfg = Release|Win32
		{DE2FB710-16D8-43B7-8F68-47DFBF86EDF7}.Release|Win32.Build.0 = Release|Win32
		{DE2FB710-16D8-43B7-8F68-47DFBF86EDF7}.Release|Win32.Deploy.0 = Release|Win32
		{DE2FB710-16D8-43B7-8F68-47DFBF86EDF7}.Release|x64.ActiveCfg = Release|Win32
		{DE2FB710-16D8-43B7-8F68-47DFBF86EDF7}.Vista Debug|Win32.ActiveCfg = Debug|Win32
		{DE2FB710-16D8-43B7-8F68-47DFBF86EDF7}.Vista Debug|Win32.Build.0 = Debug|Win32
		{DE2FB710-16D8-43B7-8F68-47DFBF86EDF7}.Vista Debug|Win32.Deploy.0 = Debug|Win32
		{DE2FB710-16D8-43B7-8F68-47DFBF86EDF7}.Vista Debug|x64.ActiveCfg = Debug|Win32
		{DE2FB710-16D8-43B7-8F68-47DFBF86EDF7}.Vista Release|Win32.ActiveCfg = Release|Win32
		{DE2FB710-16D8-43B7-8F68-47DFBF86EDF7}.Vista Release|Win32.Build.0 = Release|Win32
		{DE2FB710-16D8-43B7-8F68-47DFBF86EDF7}.Vista Release|Win32.Deploy.0 = Release|Win32
		{DE2FB710-16D8-43B7-8F68-47DFBF86EDF7}.Vista Release|x64.ActiveCfg = Release|Win32
		{DE2FB710-16D8-43B7-8F68-47DFBF86EDF7}.Win7 Debug|Win32.ActiveCfg = Debug|Win32
		{DE2FB710-16D8-43B7-8F68-47DFBF86EDF7}.Win7 Debug|Win32.Build.0 = Debug|Win32
		{DE2FB710-16D8-43B7-8F68-47DFBF86EDF7}.Win7 Debug|Win32.Deploy.0 = Debug|Win32
		{DE2FB710-16D8-43B7-8F68-47DFBF86EDF7}.Win7 Debug|x64.ActiveCfg = Debug|Win32
		{DE2FB710-16D8-43B7-8F68-47DFBF86EDF7}.Win7 Release|Win32.ActiveCfg = Release|Win32
		{DE2FB710-16D8-43B7-8F68-47DFBF86EDF7}.Win7 Release|Win32.Build.0 = Release|Win32
		{DE2FB710-16D8-43B7-8F68-47DFBF86EDF7}.Win7 Release|Win32.Deploy.0 = Release|Win32
		{DE2FB710-16D8-43B7-8F68-47DFBF86EDF7}.Win7 Release|x64.ActiveCfg = Release|Win32
		{DE2FB710-16D8-43B7-8F68-47DFBF86EDF7}.Win8 Debug|Win32.ActiveCfg = Debug|Win32
		{DE2FB710-16D8-43B7-8F68-47DFBF86EDF7}.Win8 Debug|Win32.Build.0 = Debug|Win32
		{DE2FB710-16D8-43B7-8F68-47DFBF86EDF7}.Win8 Debug|Win32.Deploy.0 = Debug|Win32
		{DE2FB710-16D8-43B7-8F68-47DFBF86EDF7}.Win8 Debug|x64.ActiveCfg = Debug|Win32
		{DE2FB710-16D8-43B7-8F68-47DFBF86EDF7}.Win8 Release|Win32.ActiveCfg = Release|Win32
		{DE2FB710-16D8-43B7-8F68-47DFBF86EDF7}.Win8 Release|Win32.Build.0 = Release|Win32
		{DE2FB710-16D8-43B7-8F68-47DFBF86EDF7}.Win8 Release|Win32.Deploy.0 = Release|Win32
		{DE2FB710-16D8-43B7-8F68-47DFBF86EDF7}.Win8 Release|x64.ActiveCfg = Release|Win32
	EndGlobalSection
	GlobalSection(SolutionProperties) = preSolution
		HideSolutionNode = FALSE
	EndGlobalSection
EndGlobal
